
Microsoft Visual Studio Solution File, Format Version 12.00
# Visual Studio Version 17
VisualStudioVersion = 17.13.35919.96 d17.13
MinimumVisualStudioVersion = 10.0.40219.1
Project("{FAE04EC0-301F-11D3-BF4B-00C04F79EFBC}") = "WebApplication1", "WebApplication1\WebApplication1.csproj", "{D8FB8AD7-B124-4FA6-A55D-7A0F52724C53}"
EndProject
Global
	GlobalSection(SolutionConfigurationPlatforms) = preSolution
		Debug|Any CPU = Debug|Any CPU
		Release|Any CPU = Release|Any CPU
	EndGlobalSection
	GlobalSection(ProjectConfigurationPlatforms) = postSolution
		{D8FB8AD7-B124-4FA6-A55D-7A0F52724C53}.Debug|Any CPU.ActiveCfg = Debug|Any CPU
		{D8FB8AD7-B124-4FA6-A55D-7A0F52724C53}.Debug|Any CPU.Build.0 = Debug|Any CPU
		{D8FB8AD7-B124-4FA6-A55D-7A0F52724C53}.Release|Any CPU.ActiveCfg = Release|Any CPU
		{D8FB8AD7-B124-4FA6-A55D-7A0F52724C53}.Release|Any CPU.Build.0 = Release|Any CPU
	EndGlobalSection
	GlobalSection(SolutionProperties) = preSolution
		HideSolutionNode = FALSE
	EndGlobalSection
	GlobalSection(ExtensibilityGlobals) = postSolution
		SolutionGuid = {18BB64A1-9D14-41B6-8155-8693E453006C}
	EndGlobalSection
EndGlobal
